dependencies:
- name: app-template
  repository: https://bjw-s.github.io/helm-charts
  version: 3.6.1
- name: postgresql
  repository: oci://registry-1.docker.io/bitnamicharts
  version: 16.4.5
- name: jaeger
  repository: https://jaegertracing.github.io/helm-charts
  version: 3.4.0
digest: sha256:7363432e0ce349aeb759ebaa89287846af4c2ab70e897abd346f5adb0b981c1c
generated: "2025-02-03T08:24:52.922837129+01:00"
