dependencies:
- name: app-template
  repository: https://bjw-s.github.io/helm-charts
  version: 3.6.1
- name: postgresql
  repository: oci://registry-1.docker.io/bitnamicharts
  version: 16.4.5
digest: sha256:3bbd1ba5f1fb9d72ebc93740c22783b9428d3594fa96dd71a906b23e5cbad56d
generated: "2025-01-30T08:19:59.272208991+01:00"
